{
  "nodes": {
    "libcore": {
      "inputs": {
        "libintrinsics": [
          "libintrinsics"
        ]
      },
      "locked": {
        "dir": "libs/core",
        "lastModified": 1736869116,
        "narHash": "sha256-860UMdxeGnQJKebnDgDbpZRSntMR2VUyB92W0IfiPI0=",
        "ref": "secunet",
        "rev": "7fdbccafb026950590157dccc0f15f20a51c2112",
        "revCount": 4,
        "type": "git",
        "url": "ssh://git@git.seven.secucloud.secunet.com/sebastian.walz/nixfiles?dir=libs/core"
      },
      "original": {
        "dir": "libs/core",
        "ref": "secunet",
        "type": "git",
        "url": "ssh://git@git.seven.secucloud.secunet.com/sebastian.walz/nixfiles?dir=libs/core"
      }
    },
    "libintrinsics": {
      "locked": {
        "dir": "libs/intrinsics",
        "lastModified": 1736869116,
        "narHash": "sha256-860UMdxeGnQJKebnDgDbpZRSntMR2VUyB92W0IfiPI0=",
        "ref": "secunet",
        "rev": "7fdbccafb026950590157dccc0f15f20a51c2112",
        "revCount": 4,
        "type": "git",
        "url": "ssh://git@git.seven.secucloud.secunet.com/sebastian.walz/nixfiles?dir=libs/intrinsics"
      },
      "original": {
        "dir": "libs/intrinsics",
        "ref": "secunet",
        "type": "git",
        "url": "ssh://git@git.seven.secucloud.secunet.com/sebastian.walz/nixfiles?dir=libs/intrinsics"
      }
    },
    "libstore": {
      "inputs": {
        "libcore": [
          "libcore"
        ],
        "libintrinsics": [
          "libintrinsics"
        ]
      },
      "locked": {
        "dir": "libs/store",
        "lastModified": 1736869116,
        "narHash": "sha256-860UMdxeGnQJKebnDgDbpZRSntMR2VUyB92W0IfiPI0=",
        "ref": "secunet",
        "rev": "7fdbccafb026950590157dccc0f15f20a51c2112",
        "revCount": 4,
        "type": "git",
        "url": "ssh://git@git.seven.secucloud.secunet.com/sebastian.walz/nixfiles?dir=libs/store"
      },
      "original": {
        "dir": "libs/store",
        "ref": "secunet",
        "type": "git",
        "url": "ssh://git@git.seven.secucloud.secunet.com/sebastian.walz/nixfiles?dir=libs/store"
      }
    },
    "root": {
      "inputs": {
        "libcore": "libcore",
        "libintrinsics": "libintrinsics",
        "libstore": "libstore"
      }
    }
  },
  "root": "root",
  "version": 7
}
