{
  "nodes": {
    "blobs": {
      "flake": false,
      "locked": {
        "lastModified": 1604995301,
        "narHash": "sha256-wcLzgLec6SGJA8fx1OEN1yV/Py5b+U5iyYpksUY/yLw=",
        "owner": "simple-nixos-mailserver",
        "repo": "blobs",
        "rev": "2cccdf1ca48316f2cfd1c9a0017e8de5a7156265",
        "type": "gitlab"
      },
      "original": {
        "owner": "simple-nixos-mailserver",
        "repo": "blobs",
        "type": "gitlab"
      }
    },
    "flake-compat": {
      "locked": {
        "lastModified": 1733328505,
        "narHash": "sha256-NeCCThCEP3eCl2l/+27kNNK7QrwZB1IJCrXfrbv5oqU=",
        "owner": "edolstra",
        "repo": "flake-compat",
        "rev": "ff81ac966bb2cae68946d5ed5fc4994f96d0ffec",
        "type": "github"
      },
      "original": {
        "owner": "edolstra",
        "repo": "flake-compat",
        "type": "github"
      }
    },
    "fork-awesome": {
      "inputs": {
        "libcore": [
          "libcore"
        ],
        "libintrinsics": [
          "libintrinsics"
        ],
        "nixpkgs": [
          "nixpkgs"
        ]
      },
      "locked": {
        "dir": "packages/fork-awesome",
        "lastModified": 1746905601,
        "narHash": "sha256-A6zbOvEabmv7sq8bvsV7ABoa0A85qKPKdICYLthvRIs=",
        "ref": "secunet",
        "rev": "7e16f990edb3f0e0cd0d8711285c797a92f5c3d1",
        "revCount": 5,
        "type": "git",
        "url": "ssh://git@git.seven.secucloud.secunet.com/sebastian.walz/nixfiles"
      },
      "original": {
        "dir": "packages/fork-awesome",
        "ref": "secunet",
        "type": "git",
        "url": "ssh://git@git.seven.secucloud.secunet.com/sebastian.walz/nixfiles"
      }
    },
    "git-hooks": {
      "inputs": {
        "flake-compat": [
          "flake-compat"
        ],
        "gitignore": "gitignore",
        "nixpkgs": [
          "nixpkgs"
        ]
      },
      "locked": {
        "lastModified": 1746537231,
        "narHash": "sha256-Wb2xeSyOsCoTCTj7LOoD6cdKLEROyFAArnYoS+noCWo=",
        "owner": "cachix",
        "repo": "git-hooks.nix",
        "rev": "fa466640195d38ec97cf0493d6d6882bc4d14969",
        "type": "github"
      },
      "original": {
        "owner": "cachix",
        "repo": "git-hooks.nix",
        "type": "github"
      }
    },
    "gitignore": {
      "inputs": {
        "nixpkgs": [
          "git-hooks",
          "nixpkgs"
        ]
      },
      "locked": {
        "lastModified": 1709087332,
        "narHash": "sha256-HG2cCnktfHsKV0s4XW83gU3F57gaTljL9KNSuG6bnQs=",
        "owner": "hercules-ci",
        "repo": "gitignore.nix",
        "rev": "637db329424fd7e46cf4185293b9cc8c88c95394",
        "type": "github"
      },
      "original": {
        "owner": "hercules-ci",
        "repo": "gitignore.nix",
        "type": "github"
      }
    },
    "home-manager": {
      "inputs": {
        "nixpkgs": [
          "nixpkgs"
        ]
      },
      "locked": {
        "lastModified": 1746892839,
        "narHash": "sha256-0b9us0bIOgA1j/s/6zlxVyP3m97yAh0U+YwKayJ6mmU=",
        "owner": "nix-community",
        "repo": "home-manager",
        "rev": "12e67385964d9c9304daa81d0ad5ba3b01fdd35e",
        "type": "github"
      },
      "original": {
        "owner": "nix-community",
        "ref": "master",
        "repo": "home-manager",
        "type": "github"
      }
    },
    "home-manager-wrapper": {
      "inputs": {
        "home-manager": [
          "home-manager"
        ],
        "libcore": [
          "libcore"
        ],
        "libintrinsics": [
          "libintrinsics"
        ],
        "nixpkgs": [
          "nixpkgs"
        ]
      },
      "locked": {
        "dir": "home-manager",
        "lastModified": 1746905601,
        "narHash": "sha256-A6zbOvEabmv7sq8bvsV7ABoa0A85qKPKdICYLthvRIs=",
        "ref": "secunet",
        "rev": "7e16f990edb3f0e0cd0d8711285c797a92f5c3d1",
        "revCount": 5,
        "type": "git",
        "url": "ssh://git@git.seven.secucloud.secunet.com/sebastian.walz/nixfiles"
      },
      "original": {
        "dir": "home-manager",
        "ref": "secunet",
        "type": "git",
        "url": "ssh://git@git.seven.secucloud.secunet.com/sebastian.walz/nixfiles"
      }
    },
    "libconfig": {
      "inputs": {
        "libcore": [
          "libcore"
        ],
        "libintrinsics": [
          "libintrinsics"
        ],
        "libsecrets": [
          "libsecrets"
        ],
        "libstore": [
          "libstore"
        ],
        "libweb": [
          "libweb"
        ],
        "nixpkgs": [
          "nixpkgs"
        ]
      },
      "locked": {
        "dir": "libs/config",
        "lastModified": 1746905601,
        "narHash": "sha256-A6zbOvEabmv7sq8bvsV7ABoa0A85qKPKdICYLthvRIs=",
        "ref": "refs/heads/secunet",
        "rev": "7e16f990edb3f0e0cd0d8711285c797a92f5c3d1",
        "revCount": 5,
        "type": "git",
        "url": "file:///home/sivizius/Projects/sivizius/nixfiles"
      },
      "original": {
        "dir": "libs/config",
        "type": "git",
        "url": "file:///home/sivizius/Projects/sivizius/nixfiles"
      }
    },
    "libcore": {
      "inputs": {
        "libintrinsics": [
          "libintrinsics"
        ]
      },
      "locked": {
        "dir": "libs/core",
        "lastModified": 1746905601,
        "narHash": "sha256-A6zbOvEabmv7sq8bvsV7ABoa0A85qKPKdICYLthvRIs=",
        "ref": "secunet",
        "rev": "7e16f990edb3f0e0cd0d8711285c797a92f5c3d1",
        "revCount": 5,
        "type": "git",
        "url": "ssh://git@git.seven.secucloud.secunet.com/sebastian.walz/nixfiles"
      },
      "original": {
        "dir": "libs/core",
        "ref": "secunet",
        "type": "git",
        "url": "ssh://git@git.seven.secucloud.secunet.com/sebastian.walz/nixfiles"
      }
    },
    "libintrinsics": {
      "locked": {
        "dir": "libs/intrinsics",
        "lastModified": 1746905601,
        "narHash": "sha256-A6zbOvEabmv7sq8bvsV7ABoa0A85qKPKdICYLthvRIs=",
        "ref": "secunet",
        "rev": "7e16f990edb3f0e0cd0d8711285c797a92f5c3d1",
        "revCount": 5,
        "type": "git",
        "url": "ssh://git@git.seven.secucloud.secunet.com/sebastian.walz/nixfiles"
      },
      "original": {
        "dir": "libs/intrinsics",
        "ref": "secunet",
        "type": "git",
        "url": "ssh://git@git.seven.secucloud.secunet.com/sebastian.walz/nixfiles"
      }
    },
    "libsecrets": {
      "inputs": {
        "libcore": [
          "libcore"
        ],
        "libintrinsics": [
          "libintrinsics"
        ],
        "libstore": [
          "libstore"
        ]
      },
      "locked": {
        "dir": "libs/secrets",
        "lastModified": 1746905601,
        "narHash": "sha256-A6zbOvEabmv7sq8bvsV7ABoa0A85qKPKdICYLthvRIs=",
        "ref": "secunet",
        "rev": "7e16f990edb3f0e0cd0d8711285c797a92f5c3d1",
        "revCount": 5,
        "type": "git",
        "url": "ssh://git@git.seven.secucloud.secunet.com/sebastian.walz/nixfiles"
      },
      "original": {
        "dir": "libs/secrets",
        "ref": "secunet",
        "type": "git",
        "url": "ssh://git@git.seven.secucloud.secunet.com/sebastian.walz/nixfiles"
      }
    },
    "libstore": {
      "inputs": {
        "libcore": [
          "libcore"
        ],
        "libintrinsics": [
          "libintrinsics"
        ]
      },
      "locked": {
        "dir": "libs/store",
        "lastModified": 1746905601,
        "narHash": "sha256-A6zbOvEabmv7sq8bvsV7ABoa0A85qKPKdICYLthvRIs=",
        "ref": "secunet",
        "rev": "7e16f990edb3f0e0cd0d8711285c797a92f5c3d1",
        "revCount": 5,
        "type": "git",
        "url": "ssh://git@git.seven.secucloud.secunet.com/sebastian.walz/nixfiles"
      },
      "original": {
        "dir": "libs/store",
        "ref": "secunet",
        "type": "git",
        "url": "ssh://git@git.seven.secucloud.secunet.com/sebastian.walz/nixfiles"
      }
    },
    "libweb": {
      "inputs": {
        "libcore": [
          "libcore"
        ],
        "libintrinsics": [
          "libintrinsics"
        ],
        "nixpkgs": [
          "nixpkgs"
        ]
      },
      "locked": {
        "dir": "libs/web",
        "lastModified": 1746905601,
        "narHash": "sha256-A6zbOvEabmv7sq8bvsV7ABoa0A85qKPKdICYLthvRIs=",
        "ref": "secunet",
        "rev": "7e16f990edb3f0e0cd0d8711285c797a92f5c3d1",
        "revCount": 5,
        "type": "git",
        "url": "ssh://git@git.seven.secucloud.secunet.com/sebastian.walz/nixfiles"
      },
      "original": {
        "dir": "libs/web",
        "ref": "secunet",
        "type": "git",
        "url": "ssh://git@git.seven.secucloud.secunet.com/sebastian.walz/nixfiles"
      }
    },
    "modules": {
      "inputs": {
        "flake-compat": [
          "flake-compat"
        ],
        "home-manager": [
          "home-manager"
        ],
        "libconfig": [
          "libconfig"
        ],
        "libcore": [
          "libcore"
        ],
        "libintrinsics": [
          "libintrinsics"
        ],
        "libsecrets": [
          "libsecrets"
        ],
        "libstore": [
          "libstore"
        ],
        "libweb": [
          "libweb"
        ],
        "nixpkgs": [
          "nixpkgs"
        ],
        "simple-nixos-mailserver": [
          "simple-nixos-mailserver"
        ]
      },
      "locked": {
        "dir": "modules",
        "lastModified": 1746905601,
        "narHash": "sha256-A6zbOvEabmv7sq8bvsV7ABoa0A85qKPKdICYLthvRIs=",
        "ref": "secunet",
        "rev": "7e16f990edb3f0e0cd0d8711285c797a92f5c3d1",
        "revCount": 5,
        "type": "git",
        "url": "ssh://git@git.seven.secucloud.secunet.com/sebastian.walz/nixfiles"
      },
      "original": {
        "dir": "modules",
        "ref": "secunet",
        "type": "git",
        "url": "ssh://git@git.seven.secucloud.secunet.com/sebastian.walz/nixfiles"
      }
    },
    "nixos-hardware": {
      "locked": {
        "lastModified": 1746814339,
        "narHash": "sha256-hf2lICJzwACWuzHCmZn5NI6LUAOgGdR1yh8ip+duyhk=",
        "owner": "NixOS",
        "repo": "nixos-hardware",
        "rev": "3c5e12673265dfb0de3d9121420c0c2153bf21e0",
        "type": "github"
      },
      "original": {
        "owner": "NixOS",
        "ref": "master",
        "repo": "nixos-hardware",
        "type": "github"
      }
    },
    "nixpkgs": {
      "locked": {
        "lastModified": 1746620561,
        "narHash": "sha256-KRisSze8EI0pZSr2rQCjMdfao0cYwD3jHDXX6OgTcW8=",
        "owner": "sivizius",
        "repo": "nixpkgs",
        "rev": "b00e0a7912dce1778b8a10e5286f695d32bf99c6",
        "type": "github"
      },
      "original": {
        "owner": "sivizius",
        "ref": "extend-fido2luks-config2",
        "repo": "nixpkgs",
        "type": "github"
      }
    },
    "peers": {
      "inputs": {
        "libconfig": [
          "libconfig"
        ],
        "libcore": [
          "libcore"
        ],
        "libintrinsics": [
          "libintrinsics"
        ],
        "libsecrets": [
          "libsecrets"
        ],
        "libstore": [
          "libstore"
        ],
        "libweb": [
          "libweb"
        ],
        "nixpkgs": [
          "nixpkgs"
        ]
      },
      "locked": {
        "dir": "peers",
        "lastModified": 1746905601,
        "narHash": "sha256-A6zbOvEabmv7sq8bvsV7ABoa0A85qKPKdICYLthvRIs=",
        "ref": "secunet",
        "rev": "7e16f990edb3f0e0cd0d8711285c797a92f5c3d1",
        "revCount": 5,
        "type": "git",
        "url": "ssh://git@git.seven.secucloud.secunet.com/sebastian.walz/nixfiles"
      },
      "original": {
        "dir": "peers",
        "ref": "secunet",
        "type": "git",
        "url": "ssh://git@git.seven.secucloud.secunet.com/sebastian.walz/nixfiles"
      }
    },
    "profiles": {
      "inputs": {
        "libconfig": [
          "libconfig"
        ],
        "libcore": [
          "libcore"
        ],
        "libintrinsics": [
          "libintrinsics"
        ],
        "libsecrets": [
          "libsecrets"
        ],
        "libstore": [
          "libstore"
        ],
        "libweb": [
          "libweb"
        ],
        "nixos-hardware": [
          "nixos-hardware"
        ],
        "nixpkgs": [
          "nixpkgs"
        ],
        "services": [
          "services"
        ]
      },
      "locked": {
        "dir": "profiles",
        "lastModified": 1746905601,
        "narHash": "sha256-A6zbOvEabmv7sq8bvsV7ABoa0A85qKPKdICYLthvRIs=",
        "ref": "secunet",
        "rev": "7e16f990edb3f0e0cd0d8711285c797a92f5c3d1",
        "revCount": 5,
        "type": "git",
        "url": "ssh://git@git.seven.secucloud.secunet.com/sebastian.walz/nixfiles"
      },
      "original": {
        "dir": "profiles",
        "ref": "secunet",
        "type": "git",
        "url": "ssh://git@git.seven.secucloud.secunet.com/sebastian.walz/nixfiles"
      }
    },
    "registries": {
      "inputs": {
        "fork-awesome": [
          "fork-awesome"
        ],
        "libconfig": [
          "libconfig"
        ],
        "libcore": [
          "libcore"
        ],
        "libintrinsics": [
          "libintrinsics"
        ],
        "libsecrets": [
          "libsecrets"
        ],
        "libstore": [
          "libstore"
        ],
        "libweb": [
          "libweb"
        ],
        "nixpkgs": [
          "nixpkgs"
        ],
        "wofi-unpatched": [
          "wofi-unpatched"
        ]
      },
      "locked": {
        "dir": "registries",
        "lastModified": 1746905601,
        "narHash": "sha256-A6zbOvEabmv7sq8bvsV7ABoa0A85qKPKdICYLthvRIs=",
        "ref": "secunet",
        "rev": "7e16f990edb3f0e0cd0d8711285c797a92f5c3d1",
        "revCount": 5,
        "type": "git",
        "url": "ssh://git@git.seven.secucloud.secunet.com/sebastian.walz/nixfiles"
      },
      "original": {
        "dir": "registries",
        "ref": "secunet",
        "type": "git",
        "url": "ssh://git@git.seven.secucloud.secunet.com/sebastian.walz/nixfiles"
      }
    },
    "root": {
      "inputs": {
        "flake-compat": "flake-compat",
        "fork-awesome": "fork-awesome",
        "git-hooks": "git-hooks",
        "home-manager": "home-manager",
        "home-manager-wrapper": "home-manager-wrapper",
        "libconfig": "libconfig",
        "libcore": "libcore",
        "libintrinsics": "libintrinsics",
        "libsecrets": "libsecrets",
        "libstore": "libstore",
        "libweb": "libweb",
        "modules": "modules",
        "nixos-hardware": "nixos-hardware",
        "nixpkgs": "nixpkgs",
        "peers": "peers",
        "profiles": "profiles",
        "registries": "registries",
        "services": "services",
        "simple-nixos-mailserver": "simple-nixos-mailserver",
        "sivizius": "sivizius",
        "wofi-unpatched": "wofi-unpatched"
      }
    },
    "services": {
      "inputs": {
        "libconfig": [
          "libconfig"
        ],
        "libcore": [
          "libcore"
        ],
        "libintrinsics": [
          "libintrinsics"
        ],
        "libsecrets": [
          "libsecrets"
        ],
        "libstore": [
          "libstore"
        ],
        "libweb": [
          "libweb"
        ],
        "nixpkgs": [
          "nixpkgs"
        ]
      },
      "locked": {
        "dir": "services",
        "lastModified": 1746905601,
        "narHash": "sha256-A6zbOvEabmv7sq8bvsV7ABoa0A85qKPKdICYLthvRIs=",
        "ref": "secunet",
        "rev": "7e16f990edb3f0e0cd0d8711285c797a92f5c3d1",
        "revCount": 5,
        "type": "git",
        "url": "ssh://git@git.seven.secucloud.secunet.com/sebastian.walz/nixfiles"
      },
      "original": {
        "dir": "services",
        "ref": "secunet",
        "type": "git",
        "url": "ssh://git@git.seven.secucloud.secunet.com/sebastian.walz/nixfiles"
      }
    },
    "simple-nixos-mailserver": {
      "inputs": {
        "blobs": "blobs",
        "flake-compat": [
          "flake-compat"
        ],
        "nixpkgs": [
          "nixpkgs"
        ],
        "nixpkgs-24_11": [
          "nixpkgs"
        ]
      },
      "locked": {
        "lastModified": 1746894235,
        "narHash": "sha256-1Xxu2chlVOx6v9/IjZEErcfmuvYNqfKf9VjnMhsGC28=",
        "ref": "refs/heads/master",
        "rev": "61b3a2c5ec7d0107f055a039f127e1bda9a2b45b",
        "revCount": 657,
        "type": "git",
        "url": "https://gitlab.com/simple-nixos-mailserver/nixos-mailserver.git"
      },
      "original": {
        "type": "git",
        "url": "https://gitlab.com/simple-nixos-mailserver/nixos-mailserver.git"
      }
    },
    "sivizius": {
      "inputs": {
        "libconfig": [
          "libconfig"
        ],
        "libcore": [
          "libcore"
        ],
        "libintrinsics": [
          "libintrinsics"
        ],
        "libsecrets": [
          "libsecrets"
        ],
        "libstore": [
          "libstore"
        ],
        "libweb": [
          "libweb"
        ],
        "nixpkgs": [
          "nixpkgs"
        ]
      },
      "locked": {
        "dir": "users/sivizius",
        "lastModified": 1746905601,
        "narHash": "sha256-A6zbOvEabmv7sq8bvsV7ABoa0A85qKPKdICYLthvRIs=",
        "ref": "secunet",
        "rev": "7e16f990edb3f0e0cd0d8711285c797a92f5c3d1",
        "revCount": 5,
        "type": "git",
        "url": "ssh://git@git.seven.secucloud.secunet.com/sebastian.walz/nixfiles"
      },
      "original": {
        "dir": "users/sivizius",
        "ref": "secunet",
        "type": "git",
        "url": "ssh://git@git.seven.secucloud.secunet.com/sebastian.walz/nixfiles"
      }
    },
    "wofi-unpatched": {
      "inputs": {
        "libcore": [
          "libcore"
        ],
        "libintrinsics": [
          "libintrinsics"
        ],
        "nixpkgs": [
          "nixpkgs"
        ]
      },
      "locked": {
        "dir": "packages/wofi-unpatched",
        "lastModified": 1746905601,
        "narHash": "sha256-A6zbOvEabmv7sq8bvsV7ABoa0A85qKPKdICYLthvRIs=",
        "ref": "secunet",
        "rev": "7e16f990edb3f0e0cd0d8711285c797a92f5c3d1",
        "revCount": 5,
        "type": "git",
        "url": "ssh://git@git.seven.secucloud.secunet.com/sebastian.walz/nixfiles"
      },
      "original": {
        "dir": "packages/wofi-unpatched",
        "ref": "secunet",
        "type": "git",
        "url": "ssh://git@git.seven.secucloud.secunet.com/sebastian.walz/nixfiles"
      }
    }
  },
  "root": "root",
  "version": 7
}
