{
  "nodes": {
    "libintrinsics": {
      "locked": {
        "dir": "libs/intrinsics",
        "lastModified": 1736869116,
        "narHash": "sha256-860UMdxeGnQJKebnDgDbpZRSntMR2VUyB92W0IfiPI0=",
        "ref": "secunet",
        "rev": "7fdbccafb026950590157dccc0f15f20a51c2112",
        "revCount": 4,
        "type": "git",
        "url": "ssh://git@git.seven.secucloud.secunet.com/sebastian.walz/nixfiles?dir=libs/intrinsics"
      },
      "original": {
        "dir": "libs/intrinsics",
        "ref": "secunet",
        "type": "git",
        "url": "ssh://git@git.seven.secucloud.secunet.com/sebastian.walz/nixfiles?dir=libs/intrinsics"
      }
    },
    "root": {
      "inputs": {
        "libintrinsics": "libintrinsics"
      }
    }
  },
  "root": "root",
  "version": 7
}
